// !$*UTF8*$!
{
	archiveVersion = 1;
	classes = {
	};
	objectVersion = 55;
	objects = {

/* Begin PBXBuildFile section */
		9116E3B527D89D58001D4CDF /* HomePageViewController.swift in Sources */ = {isa = PBXBuildFile; fileRef = 9116E3B427D89D58001D4CDF /* HomePageViewController.swift */; };
		9116E3B727D8A9BE001D4CDF /* CustomizeedColor.swift in Sources */ = {isa = PBXBuildFile; fileRef = 9116E3B627D8A9BD001D4CDF /* CustomizeedColor.swift */; };
		914D0F3027BDDD6B00C6FA21 /* AppDelegate.swift in Sources */ = {isa = PBXBuildFile; fileRef = 914D0F2F27BDDD6B00C6FA21 /* AppDelegate.swift */; };
		914D0F3227BDDD6B00C6FA21 /* SceneDelegate.swift in Sources */ = {isa = PBXBuildFile; fileRef = 914D0F3127BDDD6B00C6FA21 /* SceneDelegate.swift */; };
		914D0F3727BDDD6B00C6FA21 /* Main.storyboard in Resources */ = {isa = PBXBuildFile; fileRef = 914D0F3527BDDD6B00C6FA21 /* Main.storyboard */; };
		914D0F3927BDDD6C00C6FA21 /* Assets.xcassets in Resources */ = {isa = PBXBuildFile; fileRef = 914D0F3827BDDD6C00C6FA21 /* Assets.xcassets */; };
		914D0F3C27BDDD6C00C6FA21 /* LaunchScreen.storyboard in Resources */ = {isa = PBXBuildFile; fileRef = 914D0F3A27BDDD6C00C6FA21 /* LaunchScreen.storyboard */; };
		914D0F4427BDEF0C00C6FA21 /* UserPageViewController.swift in Sources */ = {isa = PBXBuildFile; fileRef = 914D0F4327BDEF0C00C6FA21 /* UserPageViewController.swift */; };
		914D0F4627BDEF1600C6FA21 /* MerchantPageViewController.swift in Sources */ = {isa = PBXBuildFile; fileRef = 914D0F4527BDEF1600C6FA21 /* MerchantPageViewController.swift */; };
		914D0F4827BDF1FE00C6FA21 /* CustomizedButton.swift in Sources */ = {isa = PBXBuildFile; fileRef = 914D0F4727BDF1FE00C6FA21 /* CustomizedButton.swift */; };
		914D0F4A27BE093800C6FA21 /* CustomizedView.swift in Sources */ = {isa = PBXBuildFile; fileRef = 914D0F4927BE093800C6FA21 /* CustomizedView.swift */; };
		914D0F4D27BE0CB900C6FA21 /* CustomizedTextField.swift in Sources */ = {isa = PBXBuildFile; fileRef = 914D0F4C27BE0CB900C6FA21 /* CustomizedTextField.swift */; };
/* End PBXBuildFile section */

/* Begin PBXFileReference section */
		9116E3B427D89D58001D4CDF /* HomePageViewController.swift */ = {isa = PBXFileReference; lastKnownFileType = sourcecode.swift; path = HomePageViewController.swift; sourceTree = "<group>"; };
		9116E3B627D8A9BD001D4CDF /* CustomizeedColor.swift */ = {isa = PBXFileReference; lastKnownFileType = sourcecode.swift; path = CustomizeedColor.swift; sourceTree = "<group>"; };
		914D0F2C27BDDD6B00C6FA21 /* SetUpDemo.app */ = {isa = PBXFileReference; explicitFileType = wrapper.application; includeInIndex = 0; path = SetUpDemo.app; sourceTree = BUILT_PRODUCTS_DIR; };
		914D0F2F27BDDD6B00C6FA21 /* AppDelegate.swift */ = {isa = PBXFileReference; lastKnownFileType = sourcecode.swift; path = AppDelegate.swift; sourceTree = "<group>"; };
		914D0F3127BDDD6B00C6FA21 /* SceneDelegate.swift */ = {isa = PBXFileReference; lastKnownFileType = sourcecode.swift; path = SceneDelegate.swift; sourceTree = "<group>"; };
		914D0F3627BDDD6B00C6FA21 /* Base */ = {isa = PBXFileReference; lastKnownFileType = file.storyboard; name = Base; path = Base.lproj/Main.storyboard; sourceTree = "<group>"; };
		914D0F3827BDDD6C00C6FA21 /* Assets.xcassets */ = {isa = PBXFileReference; lastKnownFileType = folder.assetcatalog; path = Assets.xcassets; sourceTree = "<group>"; };
		914D0F3B27BDDD6C00C6FA21 /* Base */ = {isa = PBXFileReference; lastKnownFileType = file.storyboard; name = Base; path = Base.lproj/LaunchScreen.storyboard; sourceTree = "<group>"; };
		914D0F3D27BDDD6C00C6FA21 /* Info.plist */ = {isa = PBXFileReference; lastKnownFileType = text.plist.xml; path = Info.plist; sourceTree = "<group>"; };
		914D0F4327BDEF0C00C6FA21 /* UserPageViewController.swift */ = {isa = PBXFileReference; lastKnownFileType = sourcecode.swift; path = UserPageViewController.swift; sourceTree = "<group>"; };
		914D0F4527BDEF1600C6FA21 /* MerchantPageViewController.swift */ = {isa = PBXFileReference; lastKnownFileType = sourcecode.swift; path = MerchantPageViewController.swift; sourceTree = "<group>"; };
		914D0F4727BDF1FE00C6FA21 /* CustomizedButton.swift */ = {isa = PBXFileReference; lastKnownFileType = sourcecode.swift; path = CustomizedButton.swift; sourceTree = "<group>"; };
		914D0F4927BE093800C6FA21 /* CustomizedView.swift */ = {isa = PBXFileReference; lastKnownFileType = sourcecode.swift; path = CustomizedView.swift; sourceTree = "<group>"; };
		914D0F4C27BE0CB900C6FA21 /* CustomizedTextField.swift */ = {isa = PBXFileReference; lastKnownFileType = sourcecode.swift; path = CustomizedTextField.swift; sourceTree = "<group>"; };
/* End PBXFileReference section */

/* Begin PBXFrameworksBuildPhase section */
		914D0F2927BDDD6B00C6FA21 /* Frameworks */ = {
			isa = PBXFrameworksBuildPhase;
			buildActionMask = 2147483647;
			files = (
			);
			runOnlyForDeploymentPostprocessing = 0;
		};
/* End PBXFrameworksBuildPhase section */

/* Begin PBXGroup section */
		914D0F2327BDDD6B00C6FA21 = {
			isa = PBXGroup;
			children = (
				914D0F2E27BDDD6B00C6FA21 /* SetUpDemo */,
				914D0F2D27BDDD6B00C6FA21 /* Products */,
			);
			sourceTree = "<group>";
		};
		914D0F2D27BDDD6B00C6FA21 /* Products */ = {
			isa = PBXGroup;
			children = (
				914D0F2C27BDDD6B00C6FA21 /* SetUpDemo.app */,
			);
			name = Products;
			sourceTree = "<group>";
		};
		914D0F2E27BDDD6B00C6FA21 /* SetUpDemo */ = {
			isa = PBXGroup;
			children = (
				914D0F2F27BDDD6B00C6FA21 /* AppDelegate.swift */,
				914D0F3127BDDD6B00C6FA21 /* SceneDelegate.swift */,
				914D0F3527BDDD6B00C6FA21 /* Main.storyboard */,
				914D0F4B27BE0C9800C6FA21 /* Customized */,
				914D0F4E27BE25BA00C6FA21 /* ViewController */,
				914D0F3827BDDD6C00C6FA21 /* Assets.xcassets */,
				914D0F3A27BDDD6C00C6FA21 /* LaunchScreen.storyboard */,
				914D0F3D27BDDD6C00C6FA21 /* Info.plist */,
			);
			path = SetUpDemo;
			sourceTree = "<group>";
		};
		914D0F4B27BE0C9800C6FA21 /* Customized */ = {
			isa = PBXGroup;
			children = (
				914D0F4927BE093800C6FA21 /* CustomizedView.swift */,
				914D0F4727BDF1FE00C6FA21 /* CustomizedButton.swift */,
				914D0F4C27BE0CB900C6FA21 /* CustomizedTextField.swift */,
				9116E3B627D8A9BD001D4CDF /* CustomizeedColor.swift */,
			);
			path = Customized;
			sourceTree = "<group>";
		};
		914D0F4E27BE25BA00C6FA21 /* ViewController */ = {
			isa = PBXGroup;
			children = (
				914D0F4327BDEF0C00C6FA21 /* UserPageViewController.swift */,
				914D0F4527BDEF1600C6FA21 /* MerchantPageViewController.swift */,
				9116E3B427D89D58001D4CDF /* HomePageViewController.swift */,
			);
			path = ViewController;
			sourceTree = "<group>";
		};
/* End PBXGroup section */

/* Begin PBXNativeTarget section */
		914D0F2B27BDDD6B00C6FA21 /* SetUpDemo */ = {
			isa = PBXNativeTarget;
			buildConfigurationList = 914D0F4027BDDD6C00C6FA21 /* Build configuration list for PBXNativeTarget "SetUpDemo" */;
			buildPhases = (
				914D0F2827BDDD6B00C6FA21 /* Sources */,
				914D0F2927BDDD6B00C6FA21 /* Frameworks */,
				914D0F2A27BDDD6B00C6FA21 /* Resources */,
			);
			buildRules = (
			);
			dependencies = (
			);
			name = SetUpDemo;
			productName = SetUpDemo;
			productReference = 914D0F2C27BDDD6B00C6FA21 /* SetUpDemo.app */;
			productType = "com.apple.product-type.application";
		};
/* End PBXNativeTarget section */

/* Begin PBXProject section */
		914D0F2427BDDD6B00C6FA21 /* Project object */ = {
			isa = PBXProject;
			attributes = {
				BuildIndependentTargetsInParallel = 1;
				LastSwiftUpdateCheck = 1320;
				LastUpgradeCheck = 1320;
				TargetAttributes = {
					914D0F2B27BDDD6B00C6FA21 = {
						CreatedOnToolsVersion = 13.2.1;
					};
				};
			};
			buildConfigurationList = 914D0F2727BDDD6B00C6FA21 /* Build configuration list for PBXProject "SetUpDemo" */;
			compatibilityVersion = "Xcode 13.0";
			developmentRegion = en;
			hasScannedForEncodings = 0;
			knownRegions = (
				en,
				Base,
			);
			mainGroup = 914D0F2327BDDD6B00C6FA21;
			productRefGroup = 914D0F2D27BDDD6B00C6FA21 /* Products */;
			projectDirPath = "";
			projectRoot = "";
			targets = (
				914D0F2B27BDDD6B00C6FA21 /* SetUpDemo */,
			);
		};
/* End PBXProject section */

/* Begin PBXResourcesBuildPhase section */
		914D0F2A27BDDD6B00C6FA21 /* Resources */ = {
			isa = PBXResourcesBuildPhase;
			buildActionMask = 2147483647;
			files = (
				914D0F3C27BDDD6C00C6FA21 /* LaunchScreen.storyboard in Resources */,
				914D0F3927BDDD6C00C6FA21 /* Assets.xcassets in Resources */,
				914D0F3727BDDD6B00C6FA21 /* Main.storyboard in Resources */,
			);
			runOnlyForDeploymentPostprocessing = 0;
		};
/* End PBXResourcesBuildPhase section */

/* Begin PBXSourcesBuildPhase section */
		914D0F2827BDDD6B00C6FA21 /* Sources */ = {
			isa = PBXSourcesBuildPhase;
			buildActionMask = 2147483647;
			files = (
				9116E3B727D8A9BE001D4CDF /* CustomizeedColor.swift in Sources */,
				914D0F3027BDDD6B00C6FA21 /* AppDelegate.swift in Sources */,
				914D0F4D27BE0CB900C6FA21 /* CustomizedTextField.swift in Sources */,
				914D0F4427BDEF0C00C6FA21 /* UserPageViewController.swift in Sources */,
				914D0F4627BDEF1600C6FA21 /* MerchantPageViewController.swift in Sources */,
				9116E3B527D89D58001D4CDF /* HomePageViewController.swift in Sources */,
				914D0F4A27BE093800C6FA21 /* CustomizedView.swift in Sources */,
				914D0F4827BDF1FE00C6FA21 /* CustomizedButton.swift in Sources */,
				914D0F3227BDDD6B00C6FA21 /* SceneDelegate.swift in Sources */,
			);
			runOnlyForDeploymentPostprocessing = 0;
		};
/* End PBXSourcesBuildPhase section */

/* Begin PBXVariantGroup section */
		914D0F3527BDDD6B00C6FA21 /* Main.storyboard */ = {
			isa = PBXVariantGroup;
			children = (
				914D0F3627BDDD6B00C6FA21 /* Base */,
			);
			name = Main.storyboard;
			sourceTree = "<group>";
		};
		914D0F3A27BDDD6C00C6FA21 /* LaunchScreen.storyboard */ = {
			isa = PBXVariantGroup;
			children = (
				914D0F3B27BDDD6C00C6FA21 /* Base */,
			);
			name = LaunchScreen.storyboard;
			sourceTree = "<group>";
		};
/* End PBXVariantGroup section */

/* Begin XCBuildConfiguration section */
		914D0F3E27BDDD6C00C6FA21 /* Debug */ = {
			isa = XCBuildConfiguration;
			buildSettings = {
				ALWAYS_SEARCH_USER_PATHS = NO;
				CLANG_ANALYZER_NONNULL = YES;
				CLANG_ANALYZER_NUMBER_OBJECT_CONVERSION = YES_AGGRESSIVE;
				CLANG_CXX_LANGUAGE_STANDARD = "gnu++17";
				CLANG_CXX_LIBRARY = "libc++";
				CLANG_ENABLE_MODULES = YES;
				CLANG_ENABLE_OBJC_ARC = YES;
				CLANG_ENABLE_OBJC_WEAK = YES;
				CLANG_WARN_BLOCK_CAPTURE_AUTORELEASING = YES;
				CLANG_WARN_BOOL_CONVERSION = YES;
				CLANG_WARN_COMMA = YES;
				CLANG_WARN_CONSTANT_CONVERSION = YES;
				CLANG_WARN_DEPRECATED_OBJC_IMPLEMENTATIONS = YES;
				CLANG_WARN_DIRECT_OBJC_ISA_USAGE = YES_ERROR;
				CLANG_WARN_DOCUMENTATION_COMMENTS = YES;
				CLANG_WARN_EMPTY_BODY = YES;
				CLANG_WARN_ENUM_CONVERSION = YES;
				CLANG_WARN_INFINITE_RECURSION = YES;
				CLANG_WARN_INT_CONVERSION = YES;
				CLANG_WARN_NON_LITERAL_NULL_CONVERSION = YES;
				CLANG_WARN_OBJC_IMPLICIT_RETAIN_SELF = YES;
				CLANG_WARN_OBJC_LITERAL_CONVERSION = YES;
				CLANG_WARN_OBJC_ROOT_CLASS = YES_ERROR;
				CLANG_WARN_QUOTED_INCLUDE_IN_FRAMEWORK_HEADER = YES;
				CLANG_WARN_RANGE_LOOP_ANALYSIS = YES;
				CLANG_WARN_STRICT_PROTOTYPES = YES;
				CLANG_WARN_SUSPICIOUS_MOVE = YES;
				CLANG_WARN_UNGUARDED_AVAILABILITY = YES_AGGRESSIVE;
				CLANG_WARN_UNREACHABLE_CODE = YES;
				CLANG_WARN__DUPLICATE_METHOD_MATCH = YES;
				COPY_PHASE_STRIP = NO;
				DEBUG_INFORMATION_FORMAT = dwarf;
				ENABLE_STRICT_OBJC_MSGSEND = YES;
				ENABLE_TESTABILITY = YES;
				GCC_C_LANGUAGE_STANDARD = gnu11;
				GCC_DYNAMIC_NO_PIC = NO;
				GCC_NO_COMMON_BLOCKS = YES;
				GCC_OPTIMIZATION_LEVEL = 0;
				GCC_PREPROCESSOR_DEFINITIONS = (
					"DEBUG=1",
					"$(inherited)",
				);
				GCC_WARN_64_TO_32_BIT_CONVERSION = YES;
				GCC_WARN_ABOUT_RETURN_TYPE = YES_ERROR;
				GCC_WARN_UNDECLARED_SELECTOR = YES;
				GCC_WARN_UNINITIALIZED_AUTOS = YES_AGGRESSIVE;
				GCC_WARN_UNUSED_FUNCTION = YES;
				GCC_WARN_UNUSED_VARIABLE = YES;
				IPHONEOS_DEPLOYMENT_TARGET = 15.2;
				MTL_ENABLE_DEBUG_INFO = INCLUDE_SOURCE;
				MTL_FAST_MATH = YES;
				ONLY_ACTIVE_ARCH = YES;
				SDKROOT = iphoneos;
				SWIFT_ACTIVE_COMPILATION_CONDITIONS = DEBUG;
				SWIFT_OPTIMIZATION_LEVEL = "-Onone";
			};
			name = Debug;
		};
		914D0F3F27BDDD6C00C6FA21 /* Release */ = {
			isa = XCBuildConfiguration;
			buildSettings = {
				ALWAYS_SEARCH_USER_PATHS = NO;
				CLANG_ANALYZER_NONNULL = YES;
				CLANG_ANALYZER_NUMBER_OBJECT_CONVERSION = YES_AGGRESSIVE;
				CLANG_CXX_LANGUAGE_STANDARD = "gnu++17";
				CLANG_CXX_LIBRARY = "libc++";
				CLANG_ENABLE_MODULES = YES;
				CLANG_ENABLE_OBJC_ARC = YES;
				CLANG_ENABLE_OBJC_WEAK = YES;
				CLANG_WARN_BLOCK_CAPTURE_AUTORELEASING = YES;
				CLANG_WARN_BOOL_CONVERSION = YES;
				CLANG_WARN_COMMA = YES;
				CLANG_WARN_CONSTANT_CONVERSION = YES;
				CLANG_WARN_DEPRECATED_OBJC_IMPLEMENTATIONS = YES;
				CLANG_WARN_DIRECT_OBJC_ISA_USAGE = YES_ERROR;
				CLANG_WARN_DOCUMENTATION_COMMENTS = YES;
				CLANG_WARN_EMPTY_BODY = YES;
				CLANG_WARN_ENUM_CONVERSION = YES;
				CLANG_WARN_INFINITE_RECURSION = YES;
				CLANG_WARN_INT_CONVERSION = YES;
				CLANG_WARN_NON_LITERAL_NULL_CONVERSION = YES;
				CLANG_WARN_OBJC_IMPLICIT_RETAIN_SELF = YES;
				CLANG_WARN_OBJC_LITERAL_CONVERSION = YES;
				CLANG_WARN_OBJC_ROOT_CLASS = YES_ERROR;
				CLANG_WARN_QUOTED_INCLUDE_IN_FRAMEWORK_HEADER = YES;
				CLANG_WARN_RANGE_LOOP_ANALYSIS = YES;
				CLANG_WARN_STRICT_PROTOTYPES = YES;
				CLANG_WARN_SUSPICIOUS_MOVE = YES;
				CLANG_WARN_UNGUARDED_AVAILABILITY = YES_AGGRESSIVE;
				CLANG_WARN_UNREACHABLE_CODE = YES;
				CLANG_WARN__DUPLICATE_METHOD_MATCH = YES;
				COPY_PHASE_STRIP = NO;
				DEBUG_INFORMATION_FORMAT = "dwarf-with-dsym";
				ENABLE_NS_ASSERTIONS = NO;
				ENABLE_STRICT_OBJC_MSGSEND = YES;
				GCC_C_LANGUAGE_STANDARD = gnu11;
				GCC_NO_COMMON_BLOCKS = YES;
				GCC_WARN_64_TO_32_BIT_CONVERSION = YES;
				GCC_WARN_ABOUT_RETURN_TYPE = YES_ERROR;
				GCC_WARN_UNDECLARED_SELECTOR = YES;
				GCC_WARN_UNINITIALIZED_AUTOS = YES_AGGRESSIVE;
				GCC_WARN_UNUSED_FUNCTION = YES;
				GCC_WARN_UNUSED_VARIABLE = YES;
				IPHONEOS_DEPLOYMENT_TARGET = 15.2;
				MTL_ENABLE_DEBUG_INFO = NO;
				MTL_FAST_MATH = YES;
				SDKROOT = iphoneos;
				SWIFT_COMPILATION_MODE = wholemodule;
				SWIFT_OPTIMIZATION_LEVEL = "-O";
				VALIDATE_PRODUCT = YES;
			};
			name = Release;
		};
		914D0F4127BDDD6C00C6FA21 /* Debug */ = {
			isa = XCBuildConfiguration;
			buildSettings = {
				ASSETCATALOG_COMPILER_APPICON_NAME = AppIcon;
				ASSETCATALOG_COMPILER_GLOBAL_ACCENT_COLOR_NAME = AccentColor;
				CODE_SIGN_STYLE = Automatic;
				CURRENT_PROJECT_VERSION = 1;
				DEVELOPMENT_TEAM = TJJZX2BJZP;
				GENERATE_INFOPLIST_FILE = YES;
				INFOPLIST_FILE = SetUpDemo/Info.plist;
				INFOPLIST_KEY_UIApplicationSupportsIndirectInputEvents = YES;
				INFOPLIST_KEY_UILaunchStoryboardName = LaunchScreen;
				INFOPLIST_KEY_UIMainStoryboardFile = Main;
				INFOPLIST_KEY_UISupportedInterfaceOrientations_iPad = "UIInterfaceOrientationPortrait UIInterfaceOrientationPortraitUpsideDown UIInterfaceOrientationLandscapeLeft UIInterfaceOrientationLandscapeRight";
				INFOPLIST_KEY_UISupportedInterfaceOrientations_iPhone = "UIInterfaceOrientationPortrait UIInterfaceOrientationLandscapeLeft UIInterfaceOrientationLandscapeRight";
				LD_RUNPATH_SEARCH_PATHS = (
					"$(inherited)",
					"@executable_path/Frameworks",
				);
				MARKETING_VERSION = 1.0;
				PRODUCT_BUNDLE_IDENTIFIER = com.BennettTBCASoft.SetUpDemo;
				PRODUCT_NAME = "$(TARGET_NAME)";
				SWIFT_EMIT_LOC_STRINGS = YES;
				SWIFT_VERSION = 5.0;
				TARGETED_DEVICE_FAMILY = "1,2";
			};
			name = Debug;
		};
		914D0F4227BDDD6C00C6FA21 /* Release */ = {
			isa = XCBuildConfiguration;
			buildSettings = {
				ASSETCATALOG_COMPILER_APPICON_NAME = AppIcon;
				ASSETCATALOG_COMPILER_GLOBAL_ACCENT_COLOR_NAME = AccentColor;
				CODE_SIGN_STYLE = Automatic;
				CURRENT_PROJECT_VERSION = 1;
				DEVELOPMENT_TEAM = TJJZX2BJZP;
				GENERATE_INFOPLIST_FILE = YES;
				INFOPLIST_FILE = SetUpDemo/Info.plist;
				INFOPLIST_KEY_UIApplicationSupportsIndirectInputEvents = YES;
				INFOPLIST_KEY_UILaunchStoryboardName = LaunchScreen;
				INFOPLIST_KEY_UIMainStoryboardFile = Main;
				INFOPLIST_KEY_UISupportedInterfaceOrientations_iPad = "UIInterfaceOrientationPortrait UIInterfaceOrientationPortraitUpsideDown UIInterfaceOrientationLandscapeLeft UIInterfaceOrientationLandscapeRight";
				INFOPLIST_KEY_UISupportedInterfaceOrientations_iPhone = "UIInterfaceOrientationPortrait UIInterfaceOrientationLandscapeLeft UIInterfaceOrientationLandscapeRight";
				LD_RUNPATH_SEARCH_PATHS = (
					"$(inherited)",
					"@executable_path/Frameworks",
				);
				MARKETING_VERSION = 1.0;
				PRODUCT_BUNDLE_IDENTIFIER = com.BennettTBCASoft.SetUpDemo;
				PRODUCT_NAME = "$(TARGET_NAME)";
				SWIFT_EMIT_LOC_STRINGS = YES;
				SWIFT_VERSION = 5.0;
				TARGETED_DEVICE_FAMILY = "1,2";
			};
			name = Release;
		};
/* End XCBuildConfiguration section */

/* Begin XCConfigurationList section */
		914D0F2727BDDD6B00C6FA21 /* Build configuration list for PBXProject "SetUpDemo" */ = {
			isa = XCConfigurationList;
			buildConfigurations = (
				914D0F3E27BDDD6C00C6FA21 /* Debug */,
				914D0F3F27BDDD6C00C6FA21 /* Release */,
			);
			defaultConfigurationIsVisible = 0;
			defaultConfigurationName = Release;
		};
		914D0F4027BDDD6C00C6FA21 /* Build configuration list for PBXNativeTarget "SetUpDemo" */ = {
			isa = XCConfigurationList;
			buildConfigurations = (
				914D0F4127BDDD6C00C6FA21 /* Debug */,
				914D0F4227BDDD6C00C6FA21 /* Release */,
			);
			defaultConfigurationIsVisible = 0;
			defaultConfigurationName = Release;
		};
/* End XCConfigurationList section */
	};
	rootObject = 914D0F2427BDDD6B00C6FA21 /* Project object */;
}
